
Microsoft Visual Studio Solution File, Format Version 12.00
# Visual Studio Version 18
VisualStudioVersion = 18.5.11723.231 stable
MinimumVisualStudioVersion = 10.0.40219.1
Project("{FAE04EC0-301F-11D3-BF4B-00C04F79EFBC}") = "WeatherStats", "WeatherStats\WeatherStats.csproj", "{7EB3E6BE-67D4-6423-8421-CEF170031EE4}"
EndProject
Project("{FAE04EC0-301F-11D3-BF4B-00C04F79EFBC}") = "WeatherStats.Test", "WeatherStats.Test\WeatherStats.Test.csproj", "{A589CEAD-70A2-DB3D-383A-F7CED3106C23}"
EndProject
Project("{FAE04EC0-301F-11D3-BF4B-00C04F79EFBC}") = "WeatherStatsGenerator", "WeatherStatsGenerator\WeatherStatsGenerator.csproj", "{FC9AA103-F7BD-6FD3-D0C1-03A5E30DD0FB}"
EndProject
Project("{2150E333-8FDC-42A3-9474-1A3956D46DE8}") = "Github", "Github", "{B6E2EB36-6E5B-440E-8F7B-7BE8D6EC2F6B}"
EndProject
Global
	GlobalSection(SolutionConfigurationPlatforms) = preSolution
		Debug|Any CPU = Debug|Any CPU
		Release|Any CPU = Release|Any CPU
	EndGlobalSection
	GlobalSection(ProjectConfigurationPlatforms) = postSolution
		{7EB3E6BE-67D4-6423-8421-CEF170031EE4}.Debug|Any CPU.ActiveCfg = Debug|Any CPU
		{7EB3E6BE-67D4-6423-8421-CEF170031EE4}.Debug|Any CPU.Build.0 = Debug|Any CPU
		{7EB3E6BE-67D4-6423-8421-CEF170031EE4}.Release|Any CPU.ActiveCfg = Release|Any CPU
		{7EB3E6BE-67D4-6423-8421-CEF170031EE4}.Release|Any CPU.Build.0 = Release|Any CPU
		{A589CEAD-70A2-DB3D-383A-F7CED3106C23}.Debug|Any CPU.ActiveCfg = Debug|Any CPU
		{A589CEAD-70A2-DB3D-383A-F7CED3106C23}.Debug|Any CPU.Build.0 = Debug|Any CPU
		{A589CEAD-70A2-DB3D-383A-F7CED3106C23}.Release|Any CPU.ActiveCfg = Release|Any CPU
		{A589CEAD-70A2-DB3D-383A-F7CED3106C23}.Release|Any CPU.Build.0 = Release|Any CPU
		{FC9AA103-F7BD-6FD3-D0C1-03A5E30DD0FB}.Debug|Any CPU.ActiveCfg = Debug|Any CPU
		{FC9AA103-F7BD-6FD3-D0C1-03A5E30DD0FB}.Debug|Any CPU.Build.0 = Debug|Any CPU
		{FC9AA103-F7BD-6FD3-D0C1-03A5E30DD0FB}.Release|Any CPU.ActiveCfg = Release|Any CPU
		{FC9AA103-F7BD-6FD3-D0C1-03A5E30DD0FB}.Release|Any CPU.Build.0 = Release|Any CPU
	EndGlobalSection
	GlobalSection(SolutionProperties) = preSolution
		HideSolutionNode = FALSE
	EndGlobalSection
	GlobalSection(ExtensibilityGlobals) = postSolution
		SolutionGuid = {1A46E927-323C-4BFF-A381-B052601185DB}
	EndGlobalSection
EndGlobal
